
Microsoft Visual Studio Solution File, Format Version 11.00
# Visual Studio 2010
Project("{159641D6-6404-4A2A-AE62-294DE0FE8301}") = "SSIS_Project_Report3", "SSIS_Project_Report3\SSIS_Project_Report3.dtproj", "{40D7D152-3AEE-48E5-8475-CE9A3D577078}"
EndProject
Global
	GlobalSection(SolutionConfigurationPlatforms) = preSolution
		Development|Default = Development|Default
	EndGlobalSection
	GlobalSection(ProjectConfigurationPlatforms) = postSolution
		{40D7D152-3AEE-48E5-8475-CE9A3D577078}.Development|Default.ActiveCfg = Development
		{40D7D152-3AEE-48E5-8475-CE9A3D577078}.Development|Default.Build.0 = Development
	EndGlobalSection
	GlobalSection(SolutionProperties) = preSolution
		HideSolutionNode = FALSE
	EndGlobalSection
EndGlobal
